
Microsoft Visual Studio Solution File, Format Version 12.00
# Visual Studio Version 17
VisualStudioVersion = 17.8.34511.84
MinimumVisualStudioVersion = 10.0.40219.1
Project("{9A19103F-16F7-4668-BE54-9A1E7A4F7556}") = "uSignIn.CommonSettings", "uSignIn.CommonSettings\uSignIn.CommonSettings.csproj", "{7BF71CC3-8D63-45D3-A94D-5D81FD3AAC87}"
EndProject
Project("{2150E333-8FDC-42A3-9474-1A3956D46DE8}") = "SolutionFiles", "SolutionFiles", "{1F51C6A4-3777-421C-9FBF-F8A4BC111760}"
	ProjectSection(SolutionItems) = preProject
		.gitignore = .gitignore
		LICENSE = LICENSE
		README.md = README.md
		.github\workflows\release.yml = .github\workflows\release.yml
	EndProjectSection
EndProject
Global
	GlobalSection(SolutionConfigurationPlatforms) = preSolution
		Debug|Any CPU = Debug|Any CPU
		Release|Any CPU = Release|Any CPU
	EndGlobalSection
	GlobalSection(ProjectConfigurationPlatforms) = postSolution
		{7BF71CC3-8D63-45D3-A94D-5D81FD3AAC87}.Debug|Any CPU.ActiveCfg = Debug|Any CPU
		{7BF71CC3-8D63-45D3-A94D-5D81FD3AAC87}.Debug|Any CPU.Build.0 = Debug|Any CPU
		{7BF71CC3-8D63-45D3-A94D-5D81FD3AAC87}.Release|Any CPU.ActiveCfg = Release|Any CPU
		{7BF71CC3-8D63-45D3-A94D-5D81FD3AAC87}.Release|Any CPU.Build.0 = Release|Any CPU
	EndGlobalSection
	GlobalSection(SolutionProperties) = preSolution
		HideSolutionNode = FALSE
	EndGlobalSection
	GlobalSection(ExtensibilityGlobals) = postSolution
		SolutionGuid = {A74A92C0-C6B9-49A6-9B8B-84EEA1567EA7}
	EndGlobalSection
EndGlobal
